
Microsoft Visual Studio Solution File, Format Version 12.00
# Visual Studio Version 16
VisualStudioVersion = 16.0.30413.136
MinimumVisualStudioVersion = 10.0.40219.1
Project("{FAE04EC0-301F-11D3-BF4B-00C04F79EFBC}") = "SentryNativeTest", "SentryNativeTest\SentryNativeTest.csproj", "{12A6EF05-1E53-4B30-83F8-198D44D87E01}"
EndProject
Project("{9A19103F-16F7-4668-BE54-9A1E7A4F7556}") = "SentryNative", "SentryNative\SentryNative.csproj", "{B3980AAC-9DB2-422D-999F-C634519B5FCE}"
EndProject
Global
	GlobalSection(SolutionConfigurationPlatforms) = preSolution
		Debug|Any CPU = Debug|Any CPU
		Release|Any CPU = Release|Any CPU
	EndGlobalSection
	GlobalSection(ProjectConfigurationPlatforms) = postSolution
		{12A6EF05-1E53-4B30-83F8-198D44D87E01}.Debug|Any CPU.ActiveCfg = Debug|Any CPU
		{12A6EF05-1E53-4B30-83F8-198D44D87E01}.Debug|Any CPU.Build.0 = Debug|Any CPU
		{12A6EF05-1E53-4B30-83F8-198D44D87E01}.Release|Any CPU.ActiveCfg = Release|Any CPU
		{12A6EF05-1E53-4B30-83F8-198D44D87E01}.Release|Any CPU.Build.0 = Release|Any CPU
		{B3980AAC-9DB2-422D-999F-C634519B5FCE}.Debug|Any CPU.ActiveCfg = Debug|Any CPU
		{B3980AAC-9DB2-422D-999F-C634519B5FCE}.Debug|Any CPU.Build.0 = Debug|Any CPU
		{B3980AAC-9DB2-422D-999F-C634519B5FCE}.Release|Any CPU.ActiveCfg = Release|Any CPU
		{B3980AAC-9DB2-422D-999F-C634519B5FCE}.Release|Any CPU.Build.0 = Release|Any CPU
	EndGlobalSection
	GlobalSection(SolutionProperties) = preSolution
		HideSolutionNode = FALSE
	EndGlobalSection
	GlobalSection(ExtensibilityGlobals) = postSolution
		SolutionGuid = {F4D2AAC2-E832-438A-BE9A-D9CCC09EA580}
	EndGlobalSection
EndGlobal
